
Microsoft Visual Studio Solution File, Format Version 12.00
# Visual Studio Version 17
VisualStudioVersion = 17.1.32319.34
MinimumVisualStudioVersion = 10.0.40219.1
Project("{FAE04EC0-301F-11D3-BF4B-00C04F79EFBC}") = "ExchangeRateService", "ExchangeRateService\ExchangeRateService.csproj", "{54F5C61A-FC12-4A01-A059-DA07BCC6129B}"
EndProject
Project("{FAE04EC0-301F-11D3-BF4B-00C04F79EFBC}") = "ExchangeRate.Models", "ExchangeRate.Models\ExchangeRate.Models.csproj", "{317302F3-DB6E-41B5-A5C8-A7B6479D7949}"
EndProject
Project("{FAE04EC0-301F-11D3-BF4B-00C04F79EFBC}") = "ExchangeRate.Services", "ExchangeRate.Services\ExchangeRate.Services.csproj", "{B18E6662-0FD5-4030-9981-0C54AEB1C337}"
EndProject
Project("{FAE04EC0-301F-11D3-BF4B-00C04F79EFBC}") = "ExchangeRate.Shared", "ExchangeRate.Shared\ExchangeRate.Shared.csproj", "{D2893AF7-2A3C-40FA-83E0-5C57C94A32B2}"
EndProject
Project("{FAE04EC0-301F-11D3-BF4B-00C04F79EFBC}") = "ExchangeRateService.Tests", "ExchangeRateService.Tests\ExchangeRateService.Tests.csproj", "{813279AC-3A3D-422F-A0DD-F013340B2835}"
EndProject
Global
	GlobalSection(SolutionConfigurationPlatforms) = preSolution
		Debug|Any CPU = Debug|Any CPU
		Release|Any CPU = Release|Any CPU
	EndGlobalSection
	GlobalSection(ProjectConfigurationPlatforms) = postSolution
		{54F5C61A-FC12-4A01-A059-DA07BCC6129B}.Debug|Any CPU.ActiveCfg = Debug|Any CPU
		{54F5C61A-FC12-4A01-A059-DA07BCC6129B}.Debug|Any CPU.Build.0 = Debug|Any CPU
		{54F5C61A-FC12-4A01-A059-DA07BCC6129B}.Release|Any CPU.ActiveCfg = Release|Any CPU
		{54F5C61A-FC12-4A01-A059-DA07BCC6129B}.Release|Any CPU.Build.0 = Release|Any CPU
		{317302F3-DB6E-41B5-A5C8-A7B6479D7949}.Debug|Any CPU.ActiveCfg = Debug|Any CPU
		{317302F3-DB6E-41B5-A5C8-A7B6479D7949}.Debug|Any CPU.Build.0 = Debug|Any CPU
		{317302F3-DB6E-41B5-A5C8-A7B6479D7949}.Release|Any CPU.ActiveCfg = Release|Any CPU
		{317302F3-DB6E-41B5-A5C8-A7B6479D7949}.Release|Any CPU.Build.0 = Release|Any CPU
		{B18E6662-0FD5-4030-9981-0C54AEB1C337}.Debug|Any CPU.ActiveCfg = Debug|Any CPU
		{B18E6662-0FD5-4030-9981-0C54AEB1C337}.Debug|Any CPU.Build.0 = Debug|Any CPU
		{B18E6662-0FD5-4030-9981-0C54AEB1C337}.Release|Any CPU.ActiveCfg = Release|Any CPU
		{B18E6662-0FD5-4030-9981-0C54AEB1C337}.Release|Any CPU.Build.0 = Release|Any CPU
		{D2893AF7-2A3C-40FA-83E0-5C57C94A32B2}.Debug|Any CPU.ActiveCfg = Debug|Any CPU
		{D2893AF7-2A3C-40FA-83E0-5C57C94A32B2}.Debug|Any CPU.Build.0 = Debug|Any CPU
		{D2893AF7-2A3C-40FA-83E0-5C57C94A32B2}.Release|Any CPU.ActiveCfg = Release|Any CPU
		{D2893AF7-2A3C-40FA-83E0-5C57C94A32B2}.Release|Any CPU.Build.0 = Release|Any CPU
		{813279AC-3A3D-422F-A0DD-F013340B2835}.Debug|Any CPU.ActiveCfg = Debug|Any CPU
		{813279AC-3A3D-422F-A0DD-F013340B2835}.Debug|Any CPU.Build.0 = Debug|Any CPU
		{813279AC-3A3D-422F-A0DD-F013340B2835}.Release|Any CPU.ActiveCfg = Release|Any CPU
		{813279AC-3A3D-422F-A0DD-F013340B2835}.Release|Any CPU.Build.0 = Release|Any CPU
	EndGlobalSection
	GlobalSection(SolutionProperties) = preSolution
		HideSolutionNode = FALSE
	EndGlobalSection
	GlobalSection(ExtensibilityGlobals) = postSolution
		SolutionGuid = {3E34D70D-1FBC-424B-ACA0-20940437DAA4}
	EndGlobalSection
EndGlobal
